schema: '2.0'
stages:
  mace-mp-0a_OC157Benchmark:
    cmd: zntrack run calc_OC157.OC157Benchmark --name mace-mp-0a_OC157Benchmark
    params:
      params.yaml:
        mace-mp-0a_OC157Benchmark:
          model:
            _cls: ml_peg.models.models.GenericASECalc
            class_name: mace_mp
            default_dtype: float32
            device: auto
            dispersion_kwargs: {}
            kwargs:
              model: medium
            module: mace.calculators
            spec:
            trained_on_dispersion: false
          model_name: mace-mp-0a
    outs:
    - path: nodes/mace-mp-0a/OC157Benchmark/node-meta.json
      hash: md5
      md5: 6c98197ee806d0efb65c982f746e17dd
      size: 790
  orb-v3-consv-inf-omat_OC157Benchmark:
    cmd: zntrack run calc_OC157.OC157Benchmark --name
      orb-v3-consv-inf-omat_OC157Benchmark
    params:
      params.yaml:
        orb-v3-consv-inf-omat_OC157Benchmark:
          model:
            _cls: ml_peg.models.models.OrbCalc
            default_dtype: float32-high
            device: cpu
            dispersion_kwargs: {}
            kwargs: {}
            name: orb_v3_conservative_inf_omat
            trained_on_dispersion: false
          model_name: orb-v3-consv-inf-omat
    outs:
    - path: nodes/orb-v3-consv-inf-omat/OC157Benchmark/node-meta.json
      hash: md5
      md5: 2e84272f70410f42959ae0a4b3434ae6
      size: 723
