schema: '2.0'
stages:
  mock_OC157Benchmark:
    cmd: zntrack run calc_OC157.OC157Benchmark --name mock_OC157Benchmark
    params:
      params.yaml:
        mock_OC157Benchmark:
          model:
            _cls: ml_peg.models.models.MockCalc
            dispersion_kwargs: {}
            model_name: mock
            trained_on_dispersion: true
          model_name: mock
    outs:
    - path: nodes/mock/OC157Benchmark/node-meta.json
      hash: md5
      md5: 29e30924f0e3693b880687135a4965db
      size: 552
