schema: '2.0'
stages:
  mace-omol_MPCONF196Benchmark:
    cmd: zntrack run calc_mpconf196.MPCONF196Benchmark --name
      mace-omol_MPCONF196Benchmark
    params:
      params.yaml:
        mace-omol_MPCONF196Benchmark:
          model:
            _cls: ml_peg.models.models.GenericASECalc
            class_name: mace_omol
            d3_kwargs: {}
            default_dtype:
            device: auto
            kwargs: {}
            module: mace.calculators
            spec:
            trained_on_d3: true
          model_name: mace-omol
    outs:
    - path: nodes/mace-omol/MPCONF196Benchmark/node-meta.json
      hash: md5
      md5: a04de1f473871047eb699dc01a4889e4
      size: 737
  mace-fukui-spin-2L_MPCONF196Benchmark:
    cmd: zntrack run calc_mpconf196.MPCONF196Benchmark --name
      mace-fukui-spin-2L_MPCONF196Benchmark
    params:
      params.yaml:
        mace-fukui-spin-2L_MPCONF196Benchmark:
          model:
            _cls: ml_peg.models.models.GenericASECalc
            class_name: MACECalculator
            d3_kwargs: {}
            default_dtype:
            device: auto
            kwargs:
              model_paths:
                /home/dk584/work/mace-fukui-spin-models/mace-fukui-spin-2L.model
            module: mace.calculators.mace
            spec:
            trained_on_d3: true
          model_name: mace-fukui-spin-2L
    outs:
    - path: nodes/mace-fukui-spin-2L/MPCONF196Benchmark/node-meta.json
      hash: md5
      md5: 01f0937394084e2b546634da7d90714d
      size: 883
  orb-v3-conservative-omol_MPCONF196Benchmark:
    cmd: zntrack run calc_mpconf196.MPCONF196Benchmark --name
      orb-v3-conservative-omol_MPCONF196Benchmark
    params:
      params.yaml:
        orb-v3-conservative-omol_MPCONF196Benchmark:
          model:
            _cls: ml_peg.models.models.OrbCalc
            d3_kwargs: {}
            default_dtype: float32-high
            device: auto
            kwargs: {}
            name: orb_v3_conservative_omol
            trained_on_d3: true
          model_name: orb-v3-conservative-omol
    outs:
    - path: nodes/orb-v3-conservative-omol/MPCONF196Benchmark/node-meta.json
      hash: md5
      md5: 1c78248590463bf012ef8dd63d30f2ff
      size: 725
  uma-s-1p1-omol_MPCONF196Benchmark:
    cmd: zntrack run calc_mpconf196.MPCONF196Benchmark --name
      uma-s-1p1-omol_MPCONF196Benchmark
    params:
      params.yaml:
        uma-s-1p1-omol_MPCONF196Benchmark:
          model:
            _cls: ml_peg.models.models.FairChemCalc
            d3_kwargs: {}
            default_dtype: float32
            device: cuda
            model_name: uma-s-1p1
            overrides: {}
            task_name: omol
            trained_on_d3: true
          model_name: uma-s-1p1-omol
    outs:
    - path: nodes/uma-s-1p1-omol/MPCONF196Benchmark/node-meta.json
      hash: md5
      md5: 674bc9bb94554989ac177220ae1d67a4
      size: 723
