schema: '2.0'
stages:
  orb-v3-conservative-omol_DipCONFSBenchmark:
    cmd: zntrack run calc_dipconfs.DipCONFSBenchmark --name
      orb-v3-conservative-omol_DipCONFSBenchmark
    params:
      params.yaml:
        orb-v3-conservative-omol_DipCONFSBenchmark:
          model:
            _cls: ml_peg.models.models.OrbCalc
            d3_kwargs: {}
            default_dtype: float32-high
            device: auto
            kwargs: {}
            name: orb_v3_conservative_omol
            trained_on_d3: true
          model_name: orb-v3-conservative-omol
    outs:
    - path: nodes/orb-v3-conservative-omol/DipCONFSBenchmark/node-meta.json
      hash: md5
      md5: f593a6c2a03a41b23ec3661c0580e5cd
      size: 722
  uma-s-1p1-omol_DipCONFSBenchmark:
    cmd: zntrack run calc_dipconfs.DipCONFSBenchmark --name
      uma-s-1p1-omol_DipCONFSBenchmark
    params:
      params.yaml:
        uma-s-1p1-omol_DipCONFSBenchmark:
          model:
            _cls: ml_peg.models.models.FairChemCalc
            d3_kwargs: {}
            default_dtype: float32
            device: cuda
            model_name: uma-s-1p1
            overrides: {}
            task_name: omol
            trained_on_d3: true
          model_name: uma-s-1p1-omol
    outs:
    - path: nodes/uma-s-1p1-omol/DipCONFSBenchmark/node-meta.json
      hash: md5
      md5: 0bf3b34ba9c76fad823e25c5bff812e1
      size: 719
  mace-omol_DipCONFSBenchmark:
    cmd: zntrack run calc_dipconfs.DipCONFSBenchmark --name
      mace-omol_DipCONFSBenchmark
    params:
      params.yaml:
        mace-omol_DipCONFSBenchmark:
          model:
            _cls: ml_peg.models.models.GenericASECalc
            class_name: mace_omol
            d3_kwargs: {}
            default_dtype:
            device: auto
            kwargs: {}
            module: mace.calculators
            spec:
            trained_on_d3: true
          model_name: mace-omol
    outs:
    - path: nodes/mace-omol/DipCONFSBenchmark/node-meta.json
      hash: md5
      md5: 3010f48a2ceb58c9ff1f80f7323a7324
      size: 734
