schema: '2.0'
stages:
  mock_ElementalSlabOxygenAdsorptionBenchmark:
    cmd: zntrack run
      calc_elemental_slab_oxygen_adsorption.ElementalSlabOxygenAdsorptionBenchmark
      --name mock_ElementalSlabOxygenAdsorptionBenchmark
    params:
      params.yaml:
        mock_ElementalSlabOxygenAdsorptionBenchmark:
          model:
            _cls: ml_peg.models.models.MockCalc
            dispersion_kwargs: {}
            model_name: mock
            trained_on_dispersion: true
          model_name: mock
    outs:
    - path: nodes/mock/ElementalSlabOxygenAdsorptionBenchmark/node-meta.json
      hash: md5
      md5: f1e1691971d24a2aadfc892cf11fc52c
      size: 651
