schema: '2.0'
stages:
  mace-omol_Glucose205Benchmark:
    cmd: zntrack run calc_glucose205.Glucose205Benchmark --name
      mace-omol_Glucose205Benchmark
    params:
      params.yaml:
        mace-omol_Glucose205Benchmark:
          model:
            _cls: ml_peg.models.models.GenericASECalc
            class_name: mace_omol
            d3_kwargs: {}
            default_dtype:
            device: auto
            kwargs: {}
            module: mace.calculators
            spec:
            trained_on_d3: true
          model_name: mace-omol
    outs:
    - path: nodes/mace-omol/Glucose205Benchmark/node-meta.json
      hash: md5
      md5: 175c07e2df03c9a942bbbaec205579f6
      size: 741
  mace-fukui-spin-2L_Glucose205Benchmark:
    cmd: zntrack run calc_glucose205.Glucose205Benchmark --name
      mace-fukui-spin-2L_Glucose205Benchmark
    params:
      params.yaml:
        mace-fukui-spin-2L_Glucose205Benchmark:
          model:
            _cls: ml_peg.models.models.GenericASECalc
            class_name: MACECalculator
            d3_kwargs: {}
            default_dtype:
            device: auto
            kwargs:
              model_paths:
                /home/dk584/work/mace-fukui-spin-models/mace-fukui-spin-2L.model
            module: mace.calculators.mace
            spec:
            trained_on_d3: true
          model_name: mace-fukui-spin-2L
    outs:
    - path: nodes/mace-fukui-spin-2L/Glucose205Benchmark/node-meta.json
      hash: md5
      md5: bb1c9ce53db089750e44d36fa0ec6b67
      size: 887
  orb-v3-conservative-omol_Glucose205Benchmark:
    cmd: zntrack run calc_glucose205.Glucose205Benchmark --name
      orb-v3-conservative-omol_Glucose205Benchmark
    params:
      params.yaml:
        orb-v3-conservative-omol_Glucose205Benchmark:
          model:
            _cls: ml_peg.models.models.OrbCalc
            d3_kwargs: {}
            default_dtype: float32-high
            device: auto
            kwargs: {}
            name: orb_v3_conservative_omol
            trained_on_d3: true
          model_name: orb-v3-conservative-omol
    outs:
    - path: nodes/orb-v3-conservative-omol/Glucose205Benchmark/node-meta.json
      hash: md5
      md5: beff8e352ccc00f6e76b81b2d5129c92
      size: 729
  uma-s-1p1-omol_Glucose205Benchmark:
    cmd: zntrack run calc_glucose205.Glucose205Benchmark --name
      uma-s-1p1-omol_Glucose205Benchmark
    params:
      params.yaml:
        uma-s-1p1-omol_Glucose205Benchmark:
          model:
            _cls: ml_peg.models.models.FairChemCalc
            d3_kwargs: {}
            default_dtype: float32
            device: cuda
            model_name: uma-s-1p1
            overrides: {}
            task_name: omol
            trained_on_d3: true
          model_name: uma-s-1p1-omol
    outs:
    - path: nodes/uma-s-1p1-omol/Glucose205Benchmark/node-meta.json
      hash: md5
      md5: c701264c6a577f6482f6941f3b76d4e7
      size: 727
