schema: '2.0'
stages:
  mock_PLA15Benchmark:
    cmd: zntrack run calc_PLA15.PLA15Benchmark --name mock_PLA15Benchmark
    params:
      params.yaml:
        mock_PLA15Benchmark:
          model:
            _cls: ml_peg.models.models.MockCalc
            dispersion_kwargs: {}
            model_name: mock
            trained_on_dispersion: true
          model_name: mock
    outs:
    - path: nodes/mock/PLA15Benchmark/node-meta.json
      hash: md5
      md5: c171f5c032ba3f58f3281f88dbd81acd
      size: 552
